
Microsoft Visual Studio Solution File, Format Version 12.00
# Visual Studio 15
VisualStudioVersion = 15.0.28307.572
MinimumVisualStudioVersion = 10.0.40219.1
Project("{FAE04EC0-301F-11D3-BF4B-00C04F79EFBC}") = "WpfOpenfile", "WpfOpenfile\WpfOpenfile.csproj", "{6DA8FBF6-0389-49F9-9F27-CD19F816E753}"
EndProject
Global
	GlobalSection(SolutionConfigurationPlatforms) = preSolution
		Debug|Any CPU = Debug|Any CPU
		Release|Any CPU = Release|Any CPU
	EndGlobalSection
	GlobalSection(ProjectConfigurationPlatforms) = postSolution
		{6DA8FBF6-0389-49F9-9F27-CD19F816E753}.Debug|Any CPU.ActiveCfg = Debug|Any CPU
		{6DA8FBF6-0389-49F9-9F27-CD19F816E753}.Debug|Any CPU.Build.0 = Debug|Any CPU
		{6DA8FBF6-0389-49F9-9F27-CD19F816E753}.Release|Any CPU.ActiveCfg = Release|Any CPU
		{6DA8FBF6-0389-49F9-9F27-CD19F816E753}.Release|Any CPU.Build.0 = Release|Any CPU
	EndGlobalSection
	GlobalSection(SolutionProperties) = preSolution
		HideSolutionNode = FALSE
	EndGlobalSection
	GlobalSection(ExtensibilityGlobals) = postSolution
		SolutionGuid = {9AC17B57-51A2-4700-8231-5043D10484E3}
	EndGlobalSection
EndGlobal
